lockfileVersion: 5.4

specifiers:
  '@antfu/utils': ^0.7.2
  moment: ^2.29.4
  playwright: ^1.27.1

dependencies:
  '@antfu/utils': 0.7.2
  moment: 2.29.4
  playwright: 1.27.1

packages:

  /@antfu/utils/0.7.2:
    resolution: {integrity: sha512-vy9fM3pIxZmX07dL+VX1aZe7ynZ+YyB0jY+jE6r3hOK6GNY2t6W8rzpFC4tgpbXUYABkFQwgJq2XYXlxbXAI0g==}
    dev: false

  /moment/2.29.4:
    resolution: {integrity: sha512-5LC9SOxjSc2HF6vO2CyuTDNivEdoz2IvyJJGj6X8DJ0eFyfszE0QiEd+iXmBvUP3WHxSjFH/vIsA0EN00cgr8w==}
    dev: false

  /playwright-core/1.27.1:
    resolution: {integrity: sha512-9EmeXDncC2Pmp/z+teoVYlvmPWUC6ejSSYZUln7YaP89Z6lpAaiaAnqroUt/BoLo8tn7WYShcfaCh+xofZa44Q==}
    engines: {node: '>=14'}
    hasBin: true
    dev: false

  /playwright/1.27.1:
    resolution: {integrity: sha512-xXYZ7m36yTtC+oFgqH0eTgullGztKSRMb4yuwLPl8IYSmgBM88QiB+3IWb1mRIC9/NNwcgbG0RwtFlg+EAFQHQ==}
    engines: {node: '>=14'}
    hasBin: true
    requiresBuild: true
    dependencies:
      playwright-core: 1.27.1
    dev: false
